// !$*UTF8*$!
{
	archiveVersion = 1;
	classes = {
	};
	objectVersion = 50;
	objects = {

/* Begin PBXBuildFile section */
		1B5E0AD5220EAC4B009D990B /* AppDelegate.swift in Sources */ = {isa = PBXBuildFile; fileRef = 1B5E0AD4220EAC4B009D990B /* AppDelegate.swift */; };
		1B5E0AD7220EAC4B009D990B /* ViewController.swift in Sources */ = {isa = PBXBuildFile; fileRef = 1B5E0AD6220EAC4B009D990B /* ViewController.swift */; };
		1B5E0ADA220EAC4B009D990B /* Main.storyboard in Resources */ = {isa = PBXBuildFile; fileRef = 1B5E0AD8220EAC4B009D990B /* Main.storyboard */; };
		1B5E0ADC220EAC4C009D990B /* Assets.xcassets in Resources */ = {isa = PBXBuildFile; fileRef = 1B5E0ADB220EAC4C009D990B /* Assets.xcassets */; };
		1B5E0ADF220EAC4C009D990B /* LaunchScreen.storyboard in Resources */ = {isa = PBXBuildFile; fileRef = 1B5E0ADD220EAC4C009D990B /* LaunchScreen.storyboard */; };
		1B5E0AEA220EAC4C009D990B /* TennisKataTests.swift in Sources */ = {isa = PBXBuildFile; fileRef = 1B5E0AE9220EAC4C009D990B /* TennisKataTests.swift */; };
		1B5E0AF5220EB239009D990B /* Game.swift in Sources */ = {isa = PBXBuildFile; fileRef = 1B5E0AF4220EB239009D990B /* Game.swift */; };
/* End PBXBuildFile section */

/* Begin PBXContainerItemProxy section */
		1B5E0AE6220EAC4C009D990B /* PBXContainerItemProxy */ = {
			isa = PBXContainerItemProxy;
			containerPortal = 1B5E0AC9220EAC4B009D990B /* Project object */;
			proxyType = 1;
			remoteGlobalIDString = 1B5E0AD0220EAC4B009D990B;
			remoteInfo = TennisKata;
		};
/* End PBXContainerItemProxy section */

/* Begin PBXFileReference section */
		1B5E0AD1220EAC4B009D990B /* TennisKata.app */ = {isa = PBXFileReference; explicitFileType = wrapper.application; includeInIndex = 0; path = TennisKata.app; sourceTree = BUILT_PRODUCTS_DIR; };
		1B5E0AD4220EAC4B009D990B /* AppDelegate.swift */ = {isa = PBXFileReference; lastKnownFileType = sourcecode.swift; path = AppDelegate.swift; sourceTree = "<group>"; };
		1B5E0AD6220EAC4B009D990B /* ViewController.swift */ = {isa = PBXFileReference; lastKnownFileType = sourcecode.swift; path = ViewController.swift; sourceTree = "<group>"; };
		1B5E0AD9220EAC4B009D990B /* Base */ = {isa = PBXFileReference; lastKnownFileType = file.storyboard; name = Base; path = Base.lproj/Main.storyboard; sourceTree = "<group>"; };
		1B5E0ADB220EAC4C009D990B /* Assets.xcassets */ = {isa = PBXFileReference; lastKnownFileType = folder.assetcatalog; path = Assets.xcassets; sourceTree = "<group>"; };
		1B5E0ADE220EAC4C009D990B /* Base */ = {isa = PBXFileReference; lastKnownFileType = file.storyboard; name = Base; path = Base.lproj/LaunchScreen.storyboard; sourceTree = "<group>"; };
		1B5E0AE0220EAC4C009D990B /* Info.plist */ = {isa = PBXFileReference; lastKnownFileType = text.plist.xml; path = Info.plist; sourceTree = "<group>"; };
		1B5E0AE5220EAC4C009D990B /* TennisKataTests.xctest */ = {isa = PBXFileReference; explicitFileType = wrapper.cfbundle; includeInIndex = 0; path = TennisKataTests.xctest; sourceTree = BUILT_PRODUCTS_DIR; };
		1B5E0AE9220EAC4C009D990B /* TennisKataTests.swift */ = {isa = PBXFileReference; lastKnownFileType = sourcecode.swift; path = TennisKataTests.swift; sourceTree = "<group>"; };
		1B5E0AEB220EAC4C009D990B /* Info.plist */ = {isa = PBXFileReference; lastKnownFileType = text.plist.xml; path = Info.plist; sourceTree = "<group>"; };
		1B5E0AF4220EB239009D990B /* Game.swift */ = {isa = PBXFileReference; lastKnownFileType = sourcecode.swift; path = Game.swift; sourceTree = "<group>"; };
/* End PBXFileReference section */

/* Begin PBXFrameworksBuildPhase section */
		1B5E0ACE220EAC4B009D990B /* Frameworks */ = {
			isa = PBXFrameworksBuildPhase;
			buildActionMask = 2147483647;
			files = (
			);
			runOnlyForDeploymentPostprocessing = 0;
		};
		1B5E0AE2220EAC4C009D990B /* Frameworks */ = {
			isa = PBXFrameworksBuildPhase;
			buildActionMask = 2147483647;
			files = (
			);
			runOnlyForDeploymentPostprocessing = 0;
		};
/* End PBXFrameworksBuildPhase section */

/* Begin PBXGroup section */
		1B5E0AC8220EAC4B009D990B = {
			isa = PBXGroup;
			children = (
				1B5E0AD3220EAC4B009D990B /* TennisKata */,
				1B5E0AE8220EAC4C009D990B /* TennisKataTests */,
				1B5E0AD2220EAC4B009D990B /* Products */,
			);
			sourceTree = "<group>";
		};
		1B5E0AD2220EAC4B009D990B /* Products */ = {
			isa = PBXGroup;
			children = (
				1B5E0AD1220EAC4B009D990B /* TennisKata.app */,
				1B5E0AE5220EAC4C009D990B /* TennisKataTests.xctest */,
			);
			name = Products;
			sourceTree = "<group>";
		};
		1B5E0AD3220EAC4B009D990B /* TennisKata */ = {
			isa = PBXGroup;
			children = (
				1B5E0AD4220EAC4B009D990B /* AppDelegate.swift */,
				1B5E0AD6220EAC4B009D990B /* ViewController.swift */,
				1B5E0AF4220EB239009D990B /* Game.swift */,
				1B5E0AD8220EAC4B009D990B /* Main.storyboard */,
				1B5E0ADB220EAC4C009D990B /* Assets.xcassets */,
				1B5E0ADD220EAC4C009D990B /* LaunchScreen.storyboard */,
				1B5E0AE0220EAC4C009D990B /* Info.plist */,
			);
			path = TennisKata;
			sourceTree = "<group>";
		};
		1B5E0AE8220EAC4C009D990B /* TennisKataTests */ = {
			isa = PBXGroup;
			children = (
				1B5E0AE9220EAC4C009D990B /* TennisKataTests.swift */,
				1B5E0AEB220EAC4C009D990B /* Info.plist */,
			);
			path = TennisKataTests;
			sourceTree = "<group>";
		};
/* End PBXGroup section */

/* Begin PBXNativeTarget section */
		1B5E0AD0220EAC4B009D990B /* TennisKata */ = {
			isa = PBXNativeTarget;
			buildConfigurationList = 1B5E0AEE220EAC4C009D990B /* Build configuration list for PBXNativeTarget "TennisKata" */;
			buildPhases = (
				1B5E0ACD220EAC4B009D990B /* Sources */,
				1B5E0ACE220EAC4B009D990B /* Frameworks */,
				1B5E0ACF220EAC4B009D990B /* Resources */,
			);
			buildRules = (
			);
			dependencies = (
			);
			name = TennisKata;
			productName = TennisKata;
			productReference = 1B5E0AD1220EAC4B009D990B /* TennisKata.app */;
			productType = "com.apple.product-type.application";
		};
		1B5E0AE4220EAC4C009D990B /* TennisKataTests */ = {
			isa = PBXNativeTarget;
			buildConfigurationList = 1B5E0AF1220EAC4C009D990B /* Build configuration list for PBXNativeTarget "TennisKataTests" */;
			buildPhases = (
				1B5E0AE1220EAC4C009D990B /* Sources */,
				1B5E0AE2220EAC4C009D990B /* Frameworks */,
				1B5E0AE3220EAC4C009D990B /* Resources */,
			);
			buildRules = (
			);
			dependencies = (
				1B5E0AE7220EAC4C009D990B /* PBXTargetDependency */,
			);
			name = TennisKataTests;
			productName = TennisKataTests;
			productReference = 1B5E0AE5220EAC4C009D990B /* TennisKataTests.xctest */;
			productType = "com.apple.product-type.bundle.unit-test";
		};
/* End PBXNativeTarget section */

/* Begin PBXProject section */
		1B5E0AC9220EAC4B009D990B /* Project object */ = {
			isa = PBXProject;
			attributes = {
				LastSwiftUpdateCheck = 1010;
				LastUpgradeCheck = 1010;
				ORGANIZATIONNAME = TCS;
				TargetAttributes = {
					1B5E0AD0220EAC4B009D990B = {
						CreatedOnToolsVersion = 10.1;
					};
					1B5E0AE4220EAC4C009D990B = {
						CreatedOnToolsVersion = 10.1;
						TestTargetID = 1B5E0AD0220EAC4B009D990B;
					};
				};
			};
			buildConfigurationList = 1B5E0ACC220EAC4B009D990B /* Build configuration list for PBXProject "TennisKata" */;
			compatibilityVersion = "Xcode 9.3";
			developmentRegion = en;
			hasScannedForEncodings = 0;
			knownRegions = (
				en,
				Base,
			);
			mainGroup = 1B5E0AC8220EAC4B009D990B;
			productRefGroup = 1B5E0AD2220EAC4B009D990B /* Products */;
			projectDirPath = "";
			projectRoot = "";
			targets = (
				1B5E0AD0220EAC4B009D990B /* TennisKata */,
				1B5E0AE4220EAC4C009D990B /* TennisKataTests */,
			);
		};
/* End PBXProject section */

/* Begin PBXResourcesBuildPhase section */
		1B5E0ACF220EAC4B009D990B /* Resources */ = {
			isa = PBXResourcesBuildPhase;
			buildActionMask = 2147483647;
			files = (
				1B5E0ADF220EAC4C009D990B /* LaunchScreen.storyboard in Resources */,
				1B5E0ADC220EAC4C009D990B /* Assets.xcassets in Resources */,
				1B5E0ADA220EAC4B009D990B /* Main.storyboard in Resources */,
			);
			runOnlyForDeploymentPostprocessing = 0;
		};
		1B5E0AE3220EAC4C009D990B /* Resources */ = {
			isa = PBXResourcesBuildPhase;
			buildActionMask = 2147483647;
			files = (
			);
			runOnlyForDeploymentPostprocessing = 0;
		};
/* End PBXResourcesBuildPhase section */

/* Begin PBXSourcesBuildPhase section */
		1B5E0ACD220EAC4B009D990B /* Sources */ = {
			isa = PBXSourcesBuildPhase;
			buildActionMask = 2147483647;
			files = (
				1B5E0AD7220EAC4B009D990B /* ViewController.swift in Sources */,
				1B5E0AF5220EB239009D990B /* Game.swift in Sources */,
				1B5E0AD5220EAC4B009D990B /* AppDelegate.swift in Sources */,
			);
			runOnlyForDeploymentPostprocessing = 0;
		};
		1B5E0AE1220EAC4C009D990B /* Sources */ = {
			isa = PBXSourcesBuildPhase;
			buildActionMask = 2147483647;
			files = (
				1B5E0AEA220EAC4C009D990B /* TennisKataTests.swift in Sources */,
			);
			runOnlyForDeploymentPostprocessing = 0;
		};
/* End PBXSourcesBuildPhase section */

/* Begin PBXTargetDependency section */
		1B5E0AE7220EAC4C009D990B /* PBXTargetDependency */ = {
			isa = PBXTargetDependency;
			target = 1B5E0AD0220EAC4B009D990B /* TennisKata */;
			targetProxy = 1B5E0AE6220EAC4C009D990B /* PBXContainerItemProxy */;
		};
/* End PBXTargetDependency section */

/* Begin PBXVariantGroup section */
		1B5E0AD8220EAC4B009D990B /* Main.storyboard */ = {
			isa = PBXVariantGroup;
			children = (
				1B5E0AD9220EAC4B009D990B /* Base */,
			);
			name = Main.storyboard;
			sourceTree = "<group>";
		};
		1B5E0ADD220EAC4C009D990B /* LaunchScreen.storyboard */ = {
			isa = PBXVariantGroup;
			children = (
				1B5E0ADE220EAC4C009D990B /* Base */,
			);
			name = LaunchScreen.storyboard;
			sourceTree = "<group>";
		};
/* End PBXVariantGroup section */

/* Begin XCBuildConfiguration section */
		1B5E0AEC220EAC4C009D990B /* Debug */ = {
			isa = XCBuildConfiguration;
			buildSettings = {
				ALWAYS_SEARCH_USER_PATHS = NO;
				CLANG_ANALYZER_NONNULL = YES;
				CLANG_ANALYZER_NUMBER_OBJECT_CONVERSION = YES_AGGRESSIVE;
				CLANG_CXX_LANGUAGE_STANDARD = "gnu++14";
				CLANG_CXX_LIBRARY = "libc++";
				CLANG_ENABLE_MODULES = YES;
				CLANG_ENABLE_OBJC_ARC = YES;
				CLANG_ENABLE_OBJC_WEAK = YES;
				CLANG_WARN_BLOCK_CAPTURE_AUTORELEASING = YES;
				CLANG_WARN_BOOL_CONVERSION = YES;
				CLANG_WARN_COMMA = YES;
				CLANG_WARN_CONSTANT_CONVERSION = YES;
				CLANG_WARN_DEPRECATED_OBJC_IMPLEMENTATIONS = YES;
				CLANG_WARN_DIRECT_OBJC_ISA_USAGE = YES_ERROR;
				CLANG_WARN_DOCUMENTATION_COMMENTS = YES;
				CLANG_WARN_EMPTY_BODY = YES;
				CLANG_WARN_ENUM_CONVERSION = YES;
				CLANG_WARN_INFINITE_RECURSION = YES;
				CLANG_WARN_INT_CONVERSION = YES;
				CLANG_WARN_NON_LITERAL_NULL_CONVERSION = YES;
				CLANG_WARN_OBJC_IMPLICIT_RETAIN_SELF = YES;
				CLANG_WARN_OBJC_LITERAL_CONVERSION = YES;
				CLANG_WARN_OBJC_ROOT_CLASS = YES_ERROR;
				CLANG_WARN_RANGE_LOOP_ANALYSIS = YES;
				CLANG_WARN_STRICT_PROTOTYPES = YES;
				CLANG_WARN_SUSPICIOUS_MOVE = YES;
				CLANG_WARN_UNGUARDED_AVAILABILITY = YES_AGGRESSIVE;
				CLANG_WARN_UNREACHABLE_CODE = YES;
				CLANG_WARN__DUPLICATE_METHOD_MATCH = YES;
				CODE_SIGN_IDENTITY = "iPhone Developer";
				COPY_PHASE_STRIP = NO;
				DEBUG_INFORMATION_FORMAT = dwarf;
				ENABLE_STRICT_OBJC_MSGSEND = YES;
				ENABLE_TESTABILITY = YES;
				GCC_C_LANGUAGE_STANDARD = gnu11;
				GCC_DYNAMIC_NO_PIC = NO;
				GCC_NO_COMMON_BLOCKS = YES;
				GCC_OPTIMIZATION_LEVEL = 0;
				GCC_PREPROCESSOR_DEFINITIONS = (
					"DEBUG=1",
					"$(inherited)",
				);
				GCC_WARN_64_TO_32_BIT_CONVERSION = YES;
				GCC_WARN_ABOUT_RETURN_TYPE = YES_ERROR;
				GCC_WARN_UNDECLARED_SELECTOR = YES;
				GCC_WARN_UNINITIALIZED_AUTOS = YES_AGGRESSIVE;
				GCC_WARN_UNUSED_FUNCTION = YES;
				GCC_WARN_UNUSED_VARIABLE = YES;
				IPHONEOS_DEPLOYMENT_TARGET = 12.1;
				MTL_ENABLE_DEBUG_INFO = INCLUDE_SOURCE;
				MTL_FAST_MATH = YES;
				ONLY_ACTIVE_ARCH = YES;
				SDKROOT = iphoneos;
				SWIFT_ACTIVE_COMPILATION_CONDITIONS = DEBUG;
				SWIFT_OPTIMIZATION_LEVEL = "-Onone";
			};
			name = Debug;
		};
		1B5E0AED220EAC4C009D990B /* Release */ = {
			isa = XCBuildConfiguration;
			buildSettings = {
				ALWAYS_SEARCH_USER_PATHS = NO;
				CLANG_ANALYZER_NONNULL = YES;
				CLANG_ANALYZER_NUMBER_OBJECT_CONVERSION = YES_AGGRESSIVE;
				CLANG_CXX_LANGUAGE_STANDARD = "gnu++14";
				CLANG_CXX_LIBRARY = "libc++";
				CLANG_ENABLE_MODULES = YES;
				CLANG_ENABLE_OBJC_ARC = YES;
				CLANG_ENABLE_OBJC_WEAK = YES;
				CLANG_WARN_BLOCK_CAPTURE_AUTORELEASING = YES;
				CLANG_WARN_BOOL_CONVERSION = YES;
				CLANG_WARN_COMMA = YES;
				CLANG_WARN_CONSTANT_CONVERSION = YES;
				CLANG_WARN_DEPRECATED_OBJC_IMPLEMENTATIONS = YES;
				CLANG_WARN_DIRECT_OBJC_ISA_USAGE = YES_ERROR;
				CLANG_WARN_DOCUMENTATION_COMMENTS = YES;
				CLANG_WARN_EMPTY_BODY = YES;
				CLANG_WARN_ENUM_CONVERSION = YES;
				CLANG_WARN_INFINITE_RECURSION = YES;
				CLANG_WARN_INT_CONVERSION = YES;
				CLANG_WARN_NON_LITERAL_NULL_CONVERSION = YES;
				CLANG_WARN_OBJC_IMPLICIT_RETAIN_SELF = YES;
				CLANG_WARN_OBJC_LITERAL_CONVERSION = YES;
				CLANG_WARN_OBJC_ROOT_CLASS = YES_ERROR;
				CLANG_WARN_RANGE_LOOP_ANALYSIS = YES;
				CLANG_WARN_STRICT_PROTOTYPES = YES;
				CLANG_WARN_SUSPICIOUS_MOVE = YES;
				CLANG_WARN_UNGUARDED_AVAILABILITY = YES_AGGRESSIVE;
				CLANG_WARN_UNREACHABLE_CODE = YES;
				CLANG_WARN__DUPLICATE_METHOD_MATCH = YES;
				CODE_SIGN_IDENTITY = "iPhone Developer";
				COPY_PHASE_STRIP = NO;
				DEBUG_INFORMATION_FORMAT = "dwarf-with-dsym";
				ENABLE_NS_ASSERTIONS = NO;
				ENABLE_STRICT_OBJC_MSGSEND = YES;
				GCC_C_LANGUAGE_STANDARD = gnu11;
				GCC_NO_COMMON_BLOCKS = YES;
				GCC_WARN_64_TO_32_BIT_CONVERSION = YES;
				GCC_WARN_ABOUT_RETURN_TYPE = YES_ERROR;
				GCC_WARN_UNDECLARED_SELECTOR = YES;
				GCC_WARN_UNINITIALIZED_AUTOS = YES_AGGRESSIVE;
				GCC_WARN_UNUSED_FUNCTION = YES;
				GCC_WARN_UNUSED_VARIABLE = YES;
				IPHONEOS_DEPLOYMENT_TARGET = 12.1;
				MTL_ENABLE_DEBUG_INFO = NO;
				MTL_FAST_MATH = YES;
				SDKROOT = iphoneos;
				SWIFT_COMPILATION_MODE = wholemodule;
				SWIFT_OPTIMIZATION_LEVEL = "-O";
				VALIDATE_PRODUCT = YES;
			};
			name = Release;
		};
		1B5E0AEF220EAC4C009D990B /* Debug */ = {
			isa = XCBuildConfiguration;
			buildSettings = {
				ASSETCATALOG_COMPILER_APPICON_NAME = AppIcon;
				CODE_SIGN_STYLE = Automatic;
				INFOPLIST_FILE = TennisKata/Info.plist;
				LD_RUNPATH_SEARCH_PATHS = (
					"$(inherited)",
					"@executable_path/Frameworks",
				);
				PRODUCT_BUNDLE_IDENTIFIER = com.tcs.mobility.test.TennisKata;
				PRODUCT_NAME = "$(TARGET_NAME)";
				SWIFT_VERSION = 4.2;
				TARGETED_DEVICE_FAMILY = "1,2";
			};
			name = Debug;
		};
		1B5E0AF0220EAC4C009D990B /* Release */ = {
			isa = XCBuildConfiguration;
			buildSettings = {
				ASSETCATALOG_COMPILER_APPICON_NAME = AppIcon;
				CODE_SIGN_STYLE = Automatic;
				INFOPLIST_FILE = TennisKata/Info.plist;
				LD_RUNPATH_SEARCH_PATHS = (
					"$(inherited)",
					"@executable_path/Frameworks",
				);
				PRODUCT_BUNDLE_IDENTIFIER = com.tcs.mobility.test.TennisKata;
				PRODUCT_NAME = "$(TARGET_NAME)";
				SWIFT_VERSION = 4.2;
				TARGETED_DEVICE_FAMILY = "1,2";
			};
			name = Release;
		};
		1B5E0AF2220EAC4C009D990B /* Debug */ = {
			isa = XCBuildConfiguration;
			buildSettings = {
				ALWAYS_EMBED_SWIFT_STANDARD_LIBRARIES = YES;
				BUNDLE_LOADER = "$(TEST_HOST)";
				CODE_SIGN_STYLE = Automatic;
				INFOPLIST_FILE = TennisKataTests/Info.plist;
				LD_RUNPATH_SEARCH_PATHS = (
					"$(inherited)",
					"@executable_path/Frameworks",
					"@loader_path/Frameworks",
				);
				PRODUCT_BUNDLE_IDENTIFIER = com.tcs.mobility.test.TennisKataTests;
				PRODUCT_NAME = "$(TARGET_NAME)";
				SWIFT_VERSION = 4.2;
				TARGETED_DEVICE_FAMILY = "1,2";
				TEST_HOST = "$(BUILT_PRODUCTS_DIR)/TennisKata.app/TennisKata";
			};
			name = Debug;
		};
		1B5E0AF3220EAC4C009D990B /* Release */ = {
			isa = XCBuildConfiguration;
			buildSettings = {
				ALWAYS_EMBED_SWIFT_STANDARD_LIBRARIES = YES;
				BUNDLE_LOADER = "$(TEST_HOST)";
				CODE_SIGN_STYLE = Automatic;
				INFOPLIST_FILE = TennisKataTests/Info.plist;
				LD_RUNPATH_SEARCH_PATHS = (
					"$(inherited)",
					"@executable_path/Frameworks",
					"@loader_path/Frameworks",
				);
				PRODUCT_BUNDLE_IDENTIFIER = com.tcs.mobility.test.TennisKataTests;
				PRODUCT_NAME = "$(TARGET_NAME)";
				SWIFT_VERSION = 4.2;
				TARGETED_DEVICE_FAMILY = "1,2";
				TEST_HOST = "$(BUILT_PRODUCTS_DIR)/TennisKata.app/TennisKata";
			};
			name = Release;
		};
/* End XCBuildConfiguration section */

/* Begin XCConfigurationList section */
		1B5E0ACC220EAC4B009D990B /* Build configuration list for PBXProject "TennisKata" */ = {
			isa = XCConfigurationList;
			buildConfigurations = (
				1B5E0AEC220EAC4C009D990B /* Debug */,
				1B5E0AED220EAC4C009D990B /* Release */,
			);
			defaultConfigurationIsVisible = 0;
			defaultConfigurationName = Release;
		};
		1B5E0AEE220EAC4C009D990B /* Build configuration list for PBXNativeTarget "TennisKata" */ = {
			isa = XCConfigurationList;
			buildConfigurations = (
				1B5E0AEF220EAC4C009D990B /* Debug */,
				1B5E0AF0220EAC4C009D990B /* Release */,
			);
			defaultConfigurationIsVisible = 0;
			defaultConfigurationName = Release;
		};
		1B5E0AF1220EAC4C009D990B /* Build configuration list for PBXNativeTarget "TennisKataTests" */ = {
			isa = XCConfigurationList;
			buildConfigurations = (
				1B5E0AF2220EAC4C009D990B /* Debug */,
				1B5E0AF3220EAC4C009D990B /* Release */,
			);
			defaultConfigurationIsVisible = 0;
			defaultConfigurationName = Release;
		};
/* End XCConfigurationList section */
	};
	rootObject = 1B5E0AC9220EAC4B009D990B /* Project object */;
}
